// !$*UTF8*$!
{
	archiveVersion = 1;
	classes = {
	};
	objectVersion = 77;
	objects = {

/* Begin PBXBuildFile section */
		06CE2D98750923E3AD033A00 /* SettingsView.swift in Sources */ = {isa = PBXBuildFile; fileRef = 75ECBB517883FD08C1A38217 /* SettingsView.swift */; };
		158FFDA181FBC568F5DBFAAB /* NumericKeypadView.swift in Sources */ = {isa = PBXBuildFile; fileRef = FDB4F7EAA70EE49D23DA0441 /* NumericKeypadView.swift */; };
		162A501B71D24A57A57D4D01 /* Log.swift in Sources */ = {isa = PBXBuildFile; fileRef = 162A501A71D24A57A57D4D01 /* Log.swift */; };
		1698067491EBDA300104D152 /* Assets.xcassets in Resources */ = {isa = PBXBuildFile; fileRef = 461FBECA42994F0A6C9BEA37 /* Assets.xcassets */; };
		1EC1A3B5C7312FB9E9E97EAB /* AppMain.swift in Sources */ = {isa = PBXBuildFile; fileRef = 0864042EF421461DBA308F5E /* AppMain.swift */; };
		2921018F4FA6C238795FFF40 /* RecordEditView.swift in Sources */ = {isa = PBXBuildFile; fileRef = 3733DDAFE02614F6EA7B3BC9 /* RecordEditView.swift */; };
		2FEDE3564704BC980B8C9B9C /* RecordService.swift in Sources */ = {isa = PBXBuildFile; fileRef = F1A1B2E2DD399FBFF391B2C5 /* RecordService.swift */; };
		38369112251625BA00E7A110 /* CardService.swift in Sources */ = {isa = PBXBuildFile; fileRef = 38369111251625BA00E7A110 /* CardService.swift */; };
		38369114251626D100E7A110 /* BankService.swift in Sources */ = {isa = PBXBuildFile; fileRef = 38369113251626D100E7A110 /* BankService.swift */; };
		4531D860CDB0FDF2415DD421 /* View+ScalableTitle.swift in Sources */ = {isa = PBXBuildFile; fileRef = 9F95EF3EE0B184C7D267B8C7 /* View+ScalableTitle.swift */; };
		490F8CBDAB27E8464CFC9A8C /* SplitPayListView.swift in Sources */ = {isa = PBXBuildFile; fileRef = F97721A91036068831138735 /* SplitPayListView.swift */; };
		4DDA8A04C30B6B86A07A2D68 /* E8bank.swift in Sources */ = {isa = PBXBuildFile; fileRef = 3BB8D0C0693934C17D3BFD21 /* E8bank.swift */; };
		5036733F44C02792D514BAB7 /* TagEditView.swift in Sources */ = {isa = PBXBuildFile; fileRef = 4DDA39225A4BEA8B500F61FB /* TagEditView.swift */; };
		5D16A4DE800A0F01FA95B662 /* CreditMemoUITests.swift in Sources */ = {isa = PBXBuildFile; fileRef = 20DFCCAE92513D9BAEE0F5EF /* CreditMemoUITests.swift */; };
		6B4262F22E9995FB3C3A513D /* DatabaseErrorView.swift in Sources */ = {isa = PBXBuildFile; fileRef = F79355C01D775C52E0C34B50 /* DatabaseErrorView.swift */; };
		6B962B07029AF00C00FE072C /* SeedData.swift in Sources */ = {isa = PBXBuildFile; fileRef = F2EF718F50B10EEBAAAD6744 /* SeedData.swift */; };
		6C2049FCD813BC37C5047451 /* E1card.swift in Sources */ = {isa = PBXBuildFile; fileRef = 97AA8DA9E2505CC1D28F9BB1 /* E1card.swift */; };
		6C9B8A07AA474578E6EACCDA /* AboutView.swift in Sources */ = {isa = PBXBuildFile; fileRef = DBA16C07E5604036601CF855 /* AboutView.swift */; };
		75ED1A20592772802B0825F5 /* E2invoice.swift in Sources */ = {isa = PBXBuildFile; fileRef = DD3E0B05EFD2A02C14116685 /* E2invoice.swift */; };
		8D7B62BEB4834D19FE03E024 /* CardListView.swift in Sources */ = {isa = PBXBuildFile; fileRef = 89AE62248E418344FADC921C /* CardListView.swift */; };
		8E02093F98A02096C69C9426 /* BillingService.swift in Sources */ = {isa = PBXBuildFile; fileRef = 838545C9F18F5C517D3C170E /* BillingService.swift */; };
		8F1D97C3807BF181B8479E3F /* BankEditView.swift in Sources */ = {isa = PBXBuildFile; fileRef = D6BD6FE99BF6A7C356696B78 /* BankEditView.swift */; };
		922C371C4A3318E289CAE2CC /* E7payment.swift in Sources */ = {isa = PBXBuildFile; fileRef = 612855EBB9B4EB1E945C4A9B /* E7payment.swift */; };
		96CCBCA225154F1A89A67910 /* JSONImport.swift in Sources */ = {isa = PBXBuildFile; fileRef = 96CCBCA125154F1A89A67910 /* JSONImport.swift */; };
		97904E45ADF1EC29C7E38838 /* E5tag.swift in Sources */ = {isa = PBXBuildFile; fileRef = 483AE700971FC77C80FC3F80 /* E5tag.swift */; };
		9A3B7A6325157E0900A17A10 /* InfoPlist.strings in Resources */ = {isa = PBXBuildFile; fileRef = 9A3B7A6225157E0900A17A10 /* InfoPlist.strings */; };
		A0404AAC7B624DF4CFF89D0F /* CardEditView.swift in Sources */ = {isa = PBXBuildFile; fileRef = 3DEDEA1DAEEECF14059168DE /* CardEditView.swift */; };
		A44EB7108F1EDB045B7358CE /* AppSettings.swift in Sources */ = {isa = PBXBuildFile; fileRef = DC4455D455525FC6393BF598 /* AppSettings.swift */; };
		A8E87A041745100730C43504 /* E6part.swift in Sources */ = {isa = PBXBuildFile; fileRef = ACAC65A5428E245996B921E5 /* E6part.swift */; };
		A946C018695C57EED22F67DB /* RecordListView.swift in Sources */ = {isa = PBXBuildFile; fileRef = 6AC306E701300663C94683C4 /* RecordListView.swift */; };
		B8D5318A0375ABEC58B26E95 /* E3record.swift in Sources */ = {isa = PBXBuildFile; fileRef = DAE1EBD323E4A4A04B0805E8 /* E3record.swift */; };
		BDEAA58C8115B3513B809369 /* Decimal+Rounding.swift in Sources */ = {isa = PBXBuildFile; fileRef = 90A96AFAF7BCB93A9445E45C /* Decimal+Rounding.swift */; };
		BFCEF1FB428B8D2A4C030C0A /* ContentView.swift in Sources */ = {isa = PBXBuildFile; fileRef = 88C5C87297314999CAF44CF8 /* ContentView.swift */; };
		C03BB2AEED264F9C4A50EAB7 /* TopMenuView.swift in Sources */ = {isa = PBXBuildFile; fileRef = 899029E259E53F50A679EB0C /* TopMenuView.swift */; };
		C1640C6CCBBC0D2F5540C977 /* CreditMemoTests.swift in Sources */ = {isa = PBXBuildFile; fileRef = 8A3204006A7EA7EE85CEA06C /* CreditMemoTests.swift */; };
		C736EED40B1697AC698B6F81 /* InvoiceListView.swift in Sources */ = {isa = PBXBuildFile; fileRef = 5D1DFD33101839DCB19540E9 /* InvoiceListView.swift */; };
		CE6F6CD0071085C235BAF6F4 /* JSONExport.swift in Sources */ = {isa = PBXBuildFile; fileRef = DF2D12827F146761299C2F9A /* JSONExport.swift */; };
		CF1F84FA70C44A2D7D0E4EDC /* PaymentListView.swift in Sources */ = {isa = PBXBuildFile; fileRef = 8C888720898CBE1F720F736D /* PaymentListView.swift */; };
		D6B0F13565CDEA74CD5B1F1A /* TagListView.swift in Sources */ = {isa = PBXBuildFile; fileRef = DF360467FE5A56224B12660D /* TagListView.swift */; };
		D893C9EB004052F1DE062529 /* BankListView.swift in Sources */ = {isa = PBXBuildFile; fileRef = CA97A05301775C91BB87CE6F /* BankListView.swift */; };
		E50EB7AD3DB2F3CE6CAA6AAF /* Config.swift in Sources */ = {isa = PBXBuildFile; fileRef = B0AA3264A9D08B8C5FAFC814 /* Config.swift */; };
		EAB27B9B73D8E77F8F5188FA /* MigratingFromCoreData.swift in Sources */ = {isa = PBXBuildFile; fileRef = 4F8B9D625DF47B15550D7F4C /* MigratingFromCoreData.swift */; };
		F7929AD07E62756D8EE69469 /* Localizable.xcstrings in Resources */ = {isa = PBXBuildFile; fileRef = 17B4815A12B4099B3F8C2A8D /* Localizable.xcstrings */; };
/* End PBXBuildFile section */

/* Begin PBXContainerItemProxy section */
		90D8C5AE47C0F8F221A14693 /* PBXContainerItemProxy */ = {
			isa = PBXContainerItemProxy;
			containerPortal = AFACF2F53EE3B4B2DBE3D35E /* Project object */;
			proxyType = 1;
			remoteGlobalIDString = 5C23C5DE3A3D3E947CA0B053;
			remoteInfo = CreditMemo;
		};
		CDB0A7A526B5161AE08A095D /* PBXContainerItemProxy */ = {
			isa = PBXContainerItemProxy;
			containerPortal = AFACF2F53EE3B4B2DBE3D35E /* Project object */;
			proxyType = 1;
			remoteGlobalIDString = 5C23C5DE3A3D3E947CA0B053;
			remoteInfo = CreditMemo;
		};
/* End PBXContainerItemProxy section */

/* Begin PBXFileReference section */
		0864042EF421461DBA308F5E /* AppMain.swift */ = {isa = PBXFileReference; lastKnownFileType = sourcecode.swift; path = AppMain.swift; sourceTree = "<group>"; };
		162A501A71D24A57A57D4D01 /* Log.swift */ = {isa = PBXFileReference; lastKnownFileType = sourcecode.swift; path = Log.swift; sourceTree = "<group>"; };
		17B4815A12B4099B3F8C2A8D /* Localizable.xcstrings */ = {isa = PBXFileReference; lastKnownFileType = text.json.xcstrings; path = Localizable.xcstrings; sourceTree = "<group>"; };
		20DFCCAE92513D9BAEE0F5EF /* CreditMemoUITests.swift */ = {isa = PBXFileReference; lastKnownFileType = sourcecode.swift; path = CreditMemoUITests.swift; sourceTree = "<group>"; };
		3733DDAFE02614F6EA7B3BC9 /* RecordEditView.swift */ = {isa = PBXFileReference; lastKnownFileType = sourcecode.swift; path = RecordEditView.swift; sourceTree = "<group>"; };
		38369111251625BA00E7A110 /* CardService.swift */ = {isa = PBXFileReference; lastKnownFileType = sourcecode.swift; path = CardService.swift; sourceTree = "<group>"; };
		38369113251626D100E7A110 /* BankService.swift */ = {isa = PBXFileReference; lastKnownFileType = sourcecode.swift; path = BankService.swift; sourceTree = "<group>"; };
		3BB8D0C0693934C17D3BFD21 /* E8bank.swift */ = {isa = PBXFileReference; lastKnownFileType = sourcecode.swift; path = E8bank.swift; sourceTree = "<group>"; };
		3DEDEA1DAEEECF14059168DE /* CardEditView.swift */ = {isa = PBXFileReference; lastKnownFileType = sourcecode.swift; path = CardEditView.swift; sourceTree = "<group>"; };
		461FBECA42994F0A6C9BEA37 /* Assets.xcassets */ = {isa = PBXFileReference; lastKnownFileType = folder.assetcatalog; path = Assets.xcassets; sourceTree = "<group>"; };
		483AE700971FC77C80FC3F80 /* E5tag.swift */ = {isa = PBXFileReference; lastKnownFileType = sourcecode.swift; path = E5tag.swift; sourceTree = "<group>"; };
		4DDA39225A4BEA8B500F61FB /* TagEditView.swift */ = {isa = PBXFileReference; lastKnownFileType = sourcecode.swift; path = TagEditView.swift; sourceTree = "<group>"; };
		4F8B9D625DF47B15550D7F4C /* MigratingFromCoreData.swift */ = {isa = PBXFileReference; lastKnownFileType = sourcecode.swift; path = MigratingFromCoreData.swift; sourceTree = "<group>"; };
		54F1C265A3492ECBB8AD9300 /* CreditMemo.app */ = {isa = PBXFileReference; explicitFileType = wrapper.application; includeInIndex = 0; path = CreditMemo.app; sourceTree = BUILT_PRODUCTS_DIR; };
		54FAFE5527EBAC98E2BDA7D3 /* CreditMemoUITests.xctest */ = {isa = PBXFileReference; explicitFileType = wrapper.cfbundle; includeInIndex = 0; path = CreditMemoUITests.xctest; sourceTree = BUILT_PRODUCTS_DIR; };
		5D1DFD33101839DCB19540E9 /* InvoiceListView.swift */ = {isa = PBXFileReference; lastKnownFileType = sourcecode.swift; path = InvoiceListView.swift; sourceTree = "<group>"; };
		612855EBB9B4EB1E945C4A9B /* E7payment.swift */ = {isa = PBXFileReference; lastKnownFileType = sourcecode.swift; path = E7payment.swift; sourceTree = "<group>"; };
		6AC306E701300663C94683C4 /* RecordListView.swift */ = {isa = PBXFileReference; lastKnownFileType = sourcecode.swift; path = RecordListView.swift; sourceTree = "<group>"; };
		75ECBB517883FD08C1A38217 /* SettingsView.swift */ = {isa = PBXFileReference; lastKnownFileType = sourcecode.swift; path = SettingsView.swift; sourceTree = "<group>"; };
		838545C9F18F5C517D3C170E /* BillingService.swift */ = {isa = PBXFileReference; lastKnownFileType = sourcecode.swift; path = BillingService.swift; sourceTree = "<group>"; };
		88C5C87297314999CAF44CF8 /* ContentView.swift */ = {isa = PBXFileReference; lastKnownFileType = sourcecode.swift; path = ContentView.swift; sourceTree = "<group>"; };
		899029E259E53F50A679EB0C /* TopMenuView.swift */ = {isa = PBXFileReference; lastKnownFileType = sourcecode.swift; path = TopMenuView.swift; sourceTree = "<group>"; };
		89AE62248E418344FADC921C /* CardListView.swift */ = {isa = PBXFileReference; lastKnownFileType = sourcecode.swift; path = CardListView.swift; sourceTree = "<group>"; };
		8A3204006A7EA7EE85CEA06C /* CreditMemoTests.swift */ = {isa = PBXFileReference; lastKnownFileType = sourcecode.swift; path = CreditMemoTests.swift; sourceTree = "<group>"; };
		8C888720898CBE1F720F736D /* PaymentListView.swift */ = {isa = PBXFileReference; lastKnownFileType = sourcecode.swift; path = PaymentListView.swift; sourceTree = "<group>"; };
		90A96AFAF7BCB93A9445E45C /* Decimal+Rounding.swift */ = {isa = PBXFileReference; lastKnownFileType = sourcecode.swift; path = "Decimal+Rounding.swift"; sourceTree = "<group>"; };
		96CCBCA125154F1A89A67910 /* JSONImport.swift */ = {isa = PBXFileReference; lastKnownFileType = sourcecode.swift; path = JSONImport.swift; sourceTree = "<group>"; };
		97AA8DA9E2505CC1D28F9BB1 /* E1card.swift */ = {isa = PBXFileReference; lastKnownFileType = sourcecode.swift; path = E1card.swift; sourceTree = "<group>"; };
		9A3B7A6025157DD900A17A10 /* en */ = {isa = PBXFileReference; lastKnownFileType = text.plist.strings; name = en; path = en.lproj/InfoPlist.strings; sourceTree = "<group>"; };
		9AFC963C5C24B15862ECE64B /* CreditMemoTests.xctest */ = {isa = PBXFileReference; explicitFileType = wrapper.cfbundle; includeInIndex = 0; path = CreditMemoTests.xctest; sourceTree = BUILT_PRODUCTS_DIR; };
		9F95EF3EE0B184C7D267B8C7 /* View+ScalableTitle.swift */ = {isa = PBXFileReference; lastKnownFileType = sourcecode.swift; path = "View+ScalableTitle.swift"; sourceTree = "<group>"; };
		ACAC65A5428E245996B921E5 /* E6part.swift */ = {isa = PBXFileReference; lastKnownFileType = sourcecode.swift; path = E6part.swift; sourceTree = "<group>"; };
		B0AA3264A9D08B8C5FAFC814 /* Config.swift */ = {isa = PBXFileReference; lastKnownFileType = sourcecode.swift; path = Config.swift; sourceTree = "<group>"; };
		CA97A05301775C91BB87CE6F /* BankListView.swift */ = {isa = PBXFileReference; lastKnownFileType = sourcecode.swift; path = BankListView.swift; sourceTree = "<group>"; };
		D6BD6FE99BF6A7C356696B78 /* BankEditView.swift */ = {isa = PBXFileReference; lastKnownFileType = sourcecode.swift; path = BankEditView.swift; sourceTree = "<group>"; };
		DAE1EBD323E4A4A04B0805E8 /* E3record.swift */ = {isa = PBXFileReference; lastKnownFileType = sourcecode.swift; path = E3record.swift; sourceTree = "<group>"; };
		DBA16C07E5604036601CF855 /* AboutView.swift */ = {isa = PBXFileReference; lastKnownFileType = sourcecode.swift; path = AboutView.swift; sourceTree = "<group>"; };
		DC4455D455525FC6393BF598 /* AppSettings.swift */ = {isa = PBXFileReference; lastKnownFileType = sourcecode.swift; path = AppSettings.swift; sourceTree = "<group>"; };
		DD3E0B05EFD2A02C14116685 /* E2invoice.swift */ = {isa = PBXFileReference; lastKnownFileType = sourcecode.swift; path = E2invoice.swift; sourceTree = "<group>"; };
		DF2D12827F146761299C2F9A /* JSONExport.swift */ = {isa = PBXFileReference; lastKnownFileType = sourcecode.swift; path = JSONExport.swift; sourceTree = "<group>"; };
		DF360467FE5A56224B12660D /* TagListView.swift */ = {isa = PBXFileReference; lastKnownFileType = sourcecode.swift; path = TagListView.swift; sourceTree = "<group>"; };
		F1A1B2E2DD399FBFF391B2C5 /* RecordService.swift */ = {isa = PBXFileReference; lastKnownFileType = sourcecode.swift; path = RecordService.swift; sourceTree = "<group>"; };
		F2EF718F50B10EEBAAAD6744 /* SeedData.swift */ = {isa = PBXFileReference; lastKnownFileType = sourcecode.swift; path = SeedData.swift; sourceTree = "<group>"; };
		F79355C01D775C52E0C34B50 /* DatabaseErrorView.swift */ = {isa = PBXFileReference; lastKnownFileType = sourcecode.swift; path = DatabaseErrorView.swift; sourceTree = "<group>"; };
		F97721A91036068831138735 /* SplitPayListView.swift */ = {isa = PBXFileReference; lastKnownFileType = sourcecode.swift; path = SplitPayListView.swift; sourceTree = "<group>"; };
		FA5C86233C4FE3247A2D008B /* Info.plist */ = {isa = PBXFileReference; lastKnownFileType = text.plist; path = Info.plist; sourceTree = "<group>"; };
		FDB4F7EAA70EE49D23DA0441 /* NumericKeypadView.swift */ = {isa = PBXFileReference; lastKnownFileType = sourcecode.swift; path = NumericKeypadView.swift; sourceTree = "<group>"; };
		FFE96F1625157DEB00A17A10 /* ja */ = {isa = PBXFileReference; lastKnownFileType = text.plist.strings; name = ja; path = ja.lproj/InfoPlist.strings; sourceTree = "<group>"; };
/* End PBXFileReference section */

/* Begin PBXGroup section */
		02B702B021CFC34BA6592EBF = {
			isa = PBXGroup;
			children = (
				ED2C6CB4EC8872FC2CDBC64C /* CreditMemo */,
				4134DBA93A3D961EE17AAB13 /* CreditMemoTests */,
				940C603D5A38298CEAF215E4 /* CreditMemoUITests */,
				106FEC0C099A14C294BEC41D /* Products */,
			);
			sourceTree = "<group>";
		};
		106FEC0C099A14C294BEC41D /* Products */ = {
			isa = PBXGroup;
			children = (
				54F1C265A3492ECBB8AD9300 /* CreditMemo.app */,
				9AFC963C5C24B15862ECE64B /* CreditMemoTests.xctest */,
				54FAFE5527EBAC98E2BDA7D3 /* CreditMemoUITests.xctest */,
			);
			name = Products;
			sourceTree = "<group>";
		};
		16EF6B25D6E24E2A70CE2237 /* Top */ = {
			isa = PBXGroup;
			children = (
				899029E259E53F50A679EB0C /* TopMenuView.swift */,
			);
			path = Top;
			sourceTree = "<group>";
		};
		348DE8935A9144677E2B857C /* Core */ = {
			isa = PBXGroup;
			children = (
				DC4455D455525FC6393BF598 /* AppSettings.swift */,
				162A501A71D24A57A57D4D01 /* Log.swift */,
				3B42874CB1DB5D8CE3B44F16 /* Export */,
				96CCBC9F25154EE889A67910 /* Import */,
				90304E68B2AC5EBF8D2888C5 /* Extensions */,
				742137AD969F929BB3DDE928 /* Migration */,
				723ED77D8D25A0CB8198B63B /* Models */,
				F0AF934EEAE7E8689700F354 /* Services */,
			);
			path = Core;
			sourceTree = "<group>";
		};
		3B42874CB1DB5D8CE3B44F16 /* Export */ = {
			isa = PBXGroup;
			children = (
				DF2D12827F146761299C2F9A /* JSONExport.swift */,
			);
			path = Export;
			sourceTree = "<group>";
		};
		4134DBA93A3D961EE17AAB13 /* CreditMemoTests */ = {
			isa = PBXGroup;
			children = (
				8A3204006A7EA7EE85CEA06C /* CreditMemoTests.swift */,
			);
			path = CreditMemoTests;
			sourceTree = "<group>";
		};
		59B013F3C2F9BA8CC57E74FE /* Tag */ = {
			isa = PBXGroup;
			children = (
				4DDA39225A4BEA8B500F61FB /* TagEditView.swift */,
				DF360467FE5A56224B12660D /* TagListView.swift */,
			);
			path = Tag;
			sourceTree = "<group>";
		};
		5A22B2E658FAC59FAAD59E9E /* App */ = {
			isa = PBXGroup;
			children = (
				0864042EF421461DBA308F5E /* AppMain.swift */,
				88C5C87297314999CAF44CF8 /* ContentView.swift */,
				B0AA3264A9D08B8C5FAFC814 /* Config.swift */,
				F79355C01D775C52E0C34B50 /* DatabaseErrorView.swift */,
			);
			path = App;
			sourceTree = "<group>";
		};
		5B155411FD36B0C994228CCD /* Resources */ = {
			isa = PBXGroup;
			children = (
				461FBECA42994F0A6C9BEA37 /* Assets.xcassets */,
				FA5C86233C4FE3247A2D008B /* Info.plist */,
				9A3B7A6225157E0900A17A10 /* InfoPlist.strings */,
				17B4815A12B4099B3F8C2A8D /* Localizable.xcstrings */,
			);
			path = Resources;
			sourceTree = "<group>";
		};
		6E92F55323A0B7797C36B8E0 /* Features */ = {
			isa = PBXGroup;
			children = (
				C54AACA7AAE085AE4CB2B941 /* About */,
				EF08BD039DE4DBD5B8EE006E /* Bank */,
				FC1045DC8A93EB88BF887D76 /* Card */,
				59B013F3C2F9BA8CC57E74FE /* Tag */,
				D5D98004F567FD2F6622C09F /* Invoice */,
				F88E0AEE21FFC5BDE73AC127 /* Payment */,
				F270635D2AD34DEB3E6D4717 /* Record */,
				D386657FBB3427582EE0B29F /* Settings */,
				DFBEAB66B0BC98064D5392E2 /* SplitPay */,
				16EF6B25D6E24E2A70CE2237 /* Top */,
			);
			path = Features;
			sourceTree = "<group>";
		};
		723ED77D8D25A0CB8198B63B /* Models */ = {
			isa = PBXGroup;
			children = (
				97AA8DA9E2505CC1D28F9BB1 /* E1card.swift */,
				DD3E0B05EFD2A02C14116685 /* E2invoice.swift */,
				DAE1EBD323E4A4A04B0805E8 /* E3record.swift */,
				483AE700971FC77C80FC3F80 /* E5tag.swift */,
				ACAC65A5428E245996B921E5 /* E6part.swift */,
				612855EBB9B4EB1E945C4A9B /* E7payment.swift */,
				3BB8D0C0693934C17D3BFD21 /* E8bank.swift */,
			);
			path = Models;
			sourceTree = "<group>";
		};
		742137AD969F929BB3DDE928 /* Migration */ = {
			isa = PBXGroup;
			children = (
				4F8B9D625DF47B15550D7F4C /* MigratingFromCoreData.swift */,
				F2EF718F50B10EEBAAAD6744 /* SeedData.swift */,
			);
			path = Migration;
			sourceTree = "<group>";
		};
		90304E68B2AC5EBF8D2888C5 /* Extensions */ = {
			isa = PBXGroup;
			children = (
				90A96AFAF7BCB93A9445E45C /* Decimal+Rounding.swift */,
				9F95EF3EE0B184C7D267B8C7 /* View+ScalableTitle.swift */,
			);
			path = Extensions;
			sourceTree = "<group>";
		};
		940C603D5A38298CEAF215E4 /* CreditMemoUITests */ = {
			isa = PBXGroup;
			children = (
				20DFCCAE92513D9BAEE0F5EF /* CreditMemoUITests.swift */,
			);
			path = CreditMemoUITests;
			sourceTree = "<group>";
		};
		96CCBC9F25154EE889A67910 /* Import */ = {
			isa = PBXGroup;
			children = (
				96CCBCA125154F1A89A67910 /* JSONImport.swift */,
			);
			path = Import;
			sourceTree = "<group>";
		};
		C54AACA7AAE085AE4CB2B941 /* About */ = {
			isa = PBXGroup;
			children = (
				DBA16C07E5604036601CF855 /* AboutView.swift */,
			);
			path = About;
			sourceTree = "<group>";
		};
		CA48F8A77A8B19FCECEE71F0 /* Components */ = {
			isa = PBXGroup;
			children = (
				FDB4F7EAA70EE49D23DA0441 /* NumericKeypadView.swift */,
			);
			path = Components;
			sourceTree = "<group>";
		};
		D386657FBB3427582EE0B29F /* Settings */ = {
			isa = PBXGroup;
			children = (
				75ECBB517883FD08C1A38217 /* SettingsView.swift */,
			);
			path = Settings;
			sourceTree = "<group>";
		};
		D5D98004F567FD2F6622C09F /* Invoice */ = {
			isa = PBXGroup;
			children = (
				5D1DFD33101839DCB19540E9 /* InvoiceListView.swift */,
			);
			path = Invoice;
			sourceTree = "<group>";
		};
		DFBEAB66B0BC98064D5392E2 /* SplitPay */ = {
			isa = PBXGroup;
			children = (
				F97721A91036068831138735 /* SplitPayListView.swift */,
			);
			path = SplitPay;
			sourceTree = "<group>";
		};
		ED2C6CB4EC8872FC2CDBC64C /* CreditMemo */ = {
			isa = PBXGroup;
			children = (
				5A22B2E658FAC59FAAD59E9E /* App */,
				CA48F8A77A8B19FCECEE71F0 /* Components */,
				348DE8935A9144677E2B857C /* Core */,
				6E92F55323A0B7797C36B8E0 /* Features */,
				5B155411FD36B0C994228CCD /* Resources */,
			);
			path = CreditMemo;
			sourceTree = "<group>";
		};
		EF08BD039DE4DBD5B8EE006E /* Bank */ = {
			isa = PBXGroup;
			children = (
				D6BD6FE99BF6A7C356696B78 /* BankEditView.swift */,
				CA97A05301775C91BB87CE6F /* BankListView.swift */,
			);
			path = Bank;
			sourceTree = "<group>";
		};
		F0AF934EEAE7E8689700F354 /* Services */ = {
			isa = PBXGroup;
			children = (
				38369113251626D100E7A110 /* BankService.swift */,
				838545C9F18F5C517D3C170E /* BillingService.swift */,
				38369111251625BA00E7A110 /* CardService.swift */,
				F1A1B2E2DD399FBFF391B2C5 /* RecordService.swift */,
			);
			path = Services;
			sourceTree = "<group>";
		};
		F270635D2AD34DEB3E6D4717 /* Record */ = {
			isa = PBXGroup;
			children = (
				3733DDAFE02614F6EA7B3BC9 /* RecordEditView.swift */,
				6AC306E701300663C94683C4 /* RecordListView.swift */,
			);
			path = Record;
			sourceTree = "<group>";
		};
		F88E0AEE21FFC5BDE73AC127 /* Payment */ = {
			isa = PBXGroup;
			children = (
				8C888720898CBE1F720F736D /* PaymentListView.swift */,
			);
			path = Payment;
			sourceTree = "<group>";
		};
		FC1045DC8A93EB88BF887D76 /* Card */ = {
			isa = PBXGroup;
			children = (
				3DEDEA1DAEEECF14059168DE /* CardEditView.swift */,
				89AE62248E418344FADC921C /* CardListView.swift */,
			);
			path = Card;
			sourceTree = "<group>";
		};
/* End PBXGroup section */

/* Begin PBXNativeTarget section */
		2428C92422D18A829E2F0849 /* CreditMemoTests */ = {
			isa = PBXNativeTarget;
			buildConfigurationList = 7C451D4092B60567630D400F /* Build configuration list for PBXNativeTarget "CreditMemoTests" */;
			buildPhases = (
				7A11F7329FC1735604B31383 /* Sources */,
			);
			buildRules = (
			);
			dependencies = (
				469BFD816D32CA76A685B29C /* PBXTargetDependency */,
			);
			name = CreditMemoTests;
			packageProductDependencies = (
			);
			productName = CreditMemoTests;
			productReference = 9AFC963C5C24B15862ECE64B /* CreditMemoTests.xctest */;
			productType = "com.apple.product-type.bundle.unit-test";
		};
		5C23C5DE3A3D3E947CA0B053 /* CreditMemo */ = {
			isa = PBXNativeTarget;
			buildConfigurationList = 3F0D4022A29402A6F70361F5 /* Build configuration list for PBXNativeTarget "CreditMemo" */;
			buildPhases = (
				FAB38D551A5A3B48DB07B7D4 /* Sources */,
				AE60322F60504161EF7F3E87 /* Resources */,
			);
			buildRules = (
			);
			dependencies = (
			);
			name = CreditMemo;
			packageProductDependencies = (
			);
			productName = CreditMemo;
			productReference = 54F1C265A3492ECBB8AD9300 /* CreditMemo.app */;
			productType = "com.apple.product-type.application";
		};
		B55591E6E567FD40E199B0D8 /* CreditMemoUITests */ = {
			isa = PBXNativeTarget;
			buildConfigurationList = 1BEA44F0517EBE4E24E01FD5 /* Build configuration list for PBXNativeTarget "CreditMemoUITests" */;
			buildPhases = (
				3684EE7005B793E89A989F96 /* Sources */,
			);
			buildRules = (
			);
			dependencies = (
				4C686B3A162BB44BAD60EF8F /* PBXTargetDependency */,
			);
			name = CreditMemoUITests;
			packageProductDependencies = (
			);
			productName = CreditMemoUITests;
			productReference = 54FAFE5527EBAC98E2BDA7D3 /* CreditMemoUITests.xctest */;
			productType = "com.apple.product-type.bundle.ui-testing";
		};
/* End PBXNativeTarget section */

/* Begin PBXProject section */
		AFACF2F53EE3B4B2DBE3D35E /* Project object */ = {
			isa = PBXProject;
			attributes = {
				BuildIndependentTargetsInParallel = YES;
				LastUpgradeCheck = 2610;
				TargetAttributes = {
					2428C92422D18A829E2F0849 = {
						DevelopmentTeam = 5C2UYK6F45;
					};
					5C23C5DE3A3D3E947CA0B053 = {
						DevelopmentTeam = 5C2UYK6F45;
					};
					B55591E6E567FD40E199B0D8 = {
						DevelopmentTeam = 5C2UYK6F45;
						TestTargetID = 5C23C5DE3A3D3E947CA0B053;
					};
				};
			};
			buildConfigurationList = 1D61FF227BC03B6487B89B74 /* Build configuration list for PBXProject "CreditMemo" */;
			developmentRegion = en;
			hasScannedForEncodings = 0;
			knownRegions = (
				Base,
				en,
				ja,
			);
			mainGroup = 02B702B021CFC34BA6592EBF;
			minimizedProjectReferenceProxies = 1;
			preferredProjectObjectVersion = 77;
			productRefGroup = 106FEC0C099A14C294BEC41D /* Products */;
			projectDirPath = "";
			projectRoot = "";
			targets = (
				5C23C5DE3A3D3E947CA0B053 /* CreditMemo */,
				2428C92422D18A829E2F0849 /* CreditMemoTests */,
				B55591E6E567FD40E199B0D8 /* CreditMemoUITests */,
			);
		};
/* End PBXProject section */

/* Begin PBXResourcesBuildPhase section */
		AE60322F60504161EF7F3E87 /* Resources */ = {
			isa = PBXResourcesBuildPhase;
			buildActionMask = 2147483647;
			files = (
				1698067491EBDA300104D152 /* Assets.xcassets in Resources */,
				F7929AD07E62756D8EE69469 /* Localizable.xcstrings in Resources */,
				9A3B7A6325157E0900A17A10 /* InfoPlist.strings in Resources */,
			);
			runOnlyForDeploymentPostprocessing = 0;
		};
/* End PBXResourcesBuildPhase section */

/* Begin PBXSourcesBuildPhase section */
		3684EE7005B793E89A989F96 /* Sources */ = {
			isa = PBXSourcesBuildPhase;
			buildActionMask = 2147483647;
			files = (
				5D16A4DE800A0F01FA95B662 /* CreditMemoUITests.swift in Sources */,
			);
			runOnlyForDeploymentPostprocessing = 0;
		};
		7A11F7329FC1735604B31383 /* Sources */ = {
			isa = PBXSourcesBuildPhase;
			buildActionMask = 2147483647;
			files = (
				C1640C6CCBBC0D2F5540C977 /* CreditMemoTests.swift in Sources */,
			);
			runOnlyForDeploymentPostprocessing = 0;
		};
		FAB38D551A5A3B48DB07B7D4 /* Sources */ = {
			isa = PBXSourcesBuildPhase;
			buildActionMask = 2147483647;
			files = (
				6C9B8A07AA474578E6EACCDA /* AboutView.swift in Sources */,
				A44EB7108F1EDB045B7358CE /* AppSettings.swift in Sources */,
				8F1D97C3807BF181B8479E3F /* BankEditView.swift in Sources */,
				D893C9EB004052F1DE062529 /* BankListView.swift in Sources */,
				8E02093F98A02096C69C9426 /* BillingService.swift in Sources */,
				38369112251625BA00E7A110 /* CardService.swift in Sources */,
				38369114251626D100E7A110 /* BankService.swift in Sources */,
				A0404AAC7B624DF4CFF89D0F /* CardEditView.swift in Sources */,
				8D7B62BEB4834D19FE03E024 /* CardListView.swift in Sources */,
				5036733F44C02792D514BAB7 /* TagEditView.swift in Sources */,
				D6B0F13565CDEA74CD5B1F1A /* TagListView.swift in Sources */,
				E50EB7AD3DB2F3CE6CAA6AAF /* Config.swift in Sources */,
				BFCEF1FB428B8D2A4C030C0A /* ContentView.swift in Sources */,
				6B4262F22E9995FB3C3A513D /* DatabaseErrorView.swift in Sources */,
				BDEAA58C8115B3513B809369 /* Decimal+Rounding.swift in Sources */,
				6C2049FCD813BC37C5047451 /* E1card.swift in Sources */,
				75ED1A20592772802B0825F5 /* E2invoice.swift in Sources */,
				B8D5318A0375ABEC58B26E95 /* E3record.swift in Sources */,
				97904E45ADF1EC29C7E38838 /* E5tag.swift in Sources */,
				A8E87A041745100730C43504 /* E6part.swift in Sources */,
				922C371C4A3318E289CAE2CC /* E7payment.swift in Sources */,
				96CCBCA225154F1A89A67910 /* JSONImport.swift in Sources */,
				4DDA8A04C30B6B86A07A2D68 /* E8bank.swift in Sources */,
				C736EED40B1697AC698B6F81 /* InvoiceListView.swift in Sources */,
				CE6F6CD0071085C235BAF6F4 /* JSONExport.swift in Sources */,
				162A501B71D24A57A57D4D01 /* Log.swift in Sources */,
				EAB27B9B73D8E77F8F5188FA /* MigratingFromCoreData.swift in Sources */,
				158FFDA181FBC568F5DBFAAB /* NumericKeypadView.swift in Sources */,
				1EC1A3B5C7312FB9E9E97EAB /* AppMain.swift in Sources */,
				CF1F84FA70C44A2D7D0E4EDC /* PaymentListView.swift in Sources */,
				2921018F4FA6C238795FFF40 /* RecordEditView.swift in Sources */,
				A946C018695C57EED22F67DB /* RecordListView.swift in Sources */,
				2FEDE3564704BC980B8C9B9C /* RecordService.swift in Sources */,
				6B962B07029AF00C00FE072C /* SeedData.swift in Sources */,
				06CE2D98750923E3AD033A00 /* SettingsView.swift in Sources */,
				490F8CBDAB27E8464CFC9A8C /* SplitPayListView.swift in Sources */,
				C03BB2AEED264F9C4A50EAB7 /* TopMenuView.swift in Sources */,
				4531D860CDB0FDF2415DD421 /* View+ScalableTitle.swift in Sources */,
			);
			runOnlyForDeploymentPostprocessing = 0;
		};
/* End PBXSourcesBuildPhase section */

/* Begin PBXTargetDependency section */
		469BFD816D32CA76A685B29C /* PBXTargetDependency */ = {
			isa = PBXTargetDependency;
			target = 5C23C5DE3A3D3E947CA0B053 /* CreditMemo */;
			targetProxy = CDB0A7A526B5161AE08A095D /* PBXContainerItemProxy */;
		};
		4C686B3A162BB44BAD60EF8F /* PBXTargetDependency */ = {
			isa = PBXTargetDependency;
			target = 5C23C5DE3A3D3E947CA0B053 /* CreditMemo */;
			targetProxy = 90D8C5AE47C0F8F221A14693 /* PBXContainerItemProxy */;
		};
/* End PBXTargetDependency section */

/* Begin PBXVariantGroup section */
		9A3B7A6225157E0900A17A10 /* InfoPlist.strings */ = {
			isa = PBXVariantGroup;
			children = (
				9A3B7A6025157DD900A17A10 /* en */,
				FFE96F1625157DEB00A17A10 /* ja */,
			);
			name = InfoPlist.strings;
			sourceTree = "<group>";
		};
/* End PBXVariantGroup section */

/* Begin XCBuildConfiguration section */
		040225AD6A3E760922B95967 /* Debug */ = {
			isa = XCBuildConfiguration;
			buildSettings = {
				ALWAYS_SEARCH_USER_PATHS = NO;
				CLANG_ANALYZER_LOCALIZABILITY_NONLOCALIZED = YES;
				CLANG_ANALYZER_NONNULL = YES;
				CLANG_ANALYZER_NUMBER_OBJECT_CONVERSION = YES_AGGRESSIVE;
				CLANG_CXX_LANGUAGE_STANDARD = "gnu++14";
				CLANG_CXX_LIBRARY = "libc++";
				CLANG_ENABLE_MODULES = YES;
				CLANG_ENABLE_OBJC_ARC = YES;
				CLANG_ENABLE_OBJC_WEAK = YES;
				CLANG_WARN_BLOCK_CAPTURE_AUTORELEASING = YES;
				CLANG_WARN_BOOL_CONVERSION = YES;
				CLANG_WARN_COMMA = YES;
				CLANG_WARN_CONSTANT_CONVERSION = YES;
				CLANG_WARN_DEPRECATED_OBJC_IMPLEMENTATIONS = YES;
				CLANG_WARN_DIRECT_OBJC_ISA_USAGE = YES_ERROR;
				CLANG_WARN_DOCUMENTATION_COMMENTS = YES;
				CLANG_WARN_EMPTY_BODY = YES;
				CLANG_WARN_ENUM_CONVERSION = YES;
				CLANG_WARN_INFINITE_RECURSION = YES;
				CLANG_WARN_INT_CONVERSION = YES;
				CLANG_WARN_NON_LITERAL_NULL_CONVERSION = YES;
				CLANG_WARN_OBJC_IMPLICIT_RETAIN_SELF = YES;
				CLANG_WARN_OBJC_LITERAL_CONVERSION = YES;
				CLANG_WARN_OBJC_ROOT_CLASS = YES_ERROR;
				CLANG_WARN_QUOTED_INCLUDE_IN_FRAMEWORK_HEADER = YES;
				CLANG_WARN_RANGE_LOOP_ANALYSIS = YES;
				CLANG_WARN_STRICT_PROTOTYPES = YES;
				CLANG_WARN_SUSPICIOUS_MOVE = YES;
				CLANG_WARN_UNGUARDED_AVAILABILITY = YES_AGGRESSIVE;
				CLANG_WARN_UNREACHABLE_CODE = YES;
				CLANG_WARN__DUPLICATE_METHOD_MATCH = YES;
				COPY_PHASE_STRIP = NO;
				DEBUG_INFORMATION_FORMAT = dwarf;
				DEVELOPMENT_TEAM = 5C2UYK6F45;
				ENABLE_STRICT_OBJC_MSGSEND = YES;
				ENABLE_TESTABILITY = YES;
				ENABLE_USER_SCRIPT_SANDBOXING = YES;
				GCC_C_LANGUAGE_STANDARD = gnu11;
				GCC_DYNAMIC_NO_PIC = NO;
				GCC_NO_COMMON_BLOCKS = YES;
				GCC_OPTIMIZATION_LEVEL = 0;
				GCC_PREPROCESSOR_DEFINITIONS = (
					"$(inherited)",
					"DEBUG=1",
				);
				GCC_WARN_64_TO_32_BIT_CONVERSION = YES;
				GCC_WARN_ABOUT_RETURN_TYPE = YES_ERROR;
				GCC_WARN_UNDECLARED_SELECTOR = YES;
				GCC_WARN_UNINITIALIZED_AUTOS = YES_AGGRESSIVE;
				GCC_WARN_UNUSED_FUNCTION = YES;
				GCC_WARN_UNUSED_VARIABLE = YES;
				IPHONEOS_DEPLOYMENT_TARGET = 18.0;
				MTL_ENABLE_DEBUG_INFO = INCLUDE_SOURCE;
				MTL_FAST_MATH = YES;
				ONLY_ACTIVE_ARCH = YES;
				PRODUCT_NAME = "$(TARGET_NAME)";
				SDKROOT = iphoneos;
				STRING_CATALOG_GENERATE_SYMBOLS = YES;
				SWIFT_ACTIVE_COMPILATION_CONDITIONS = DEBUG;
				SWIFT_OPTIMIZATION_LEVEL = "-Onone";
				SWIFT_STRICT_CONCURRENCY = complete;
				SWIFT_VERSION = 6.0;
				TARGETED_DEVICE_FAMILY = "1,2";
			};
			name = Debug;
		};
		158E78196CC0B28694BA4FD9 /* Release */ = {
			isa = XCBuildConfiguration;
			buildSettings = {
				BUNDLE_LOADER = "$(TEST_HOST)";
				LD_RUNPATH_SEARCH_PATHS = (
					"$(inherited)",
					"@executable_path/Frameworks",
					"@loader_path/Frameworks",
				);
				PRODUCT_BUNDLE_IDENTIFIER = com.azukid.CreditMemoTests;
				SDKROOT = iphoneos;
				TARGETED_DEVICE_FAMILY = "1,2";
				TEST_HOST = "$(BUILT_PRODUCTS_DIR)/CreditMemo.app/$(BUNDLE_EXECUTABLE_FOLDER_PATH)/CreditMemo";
			};
			name = Release;
		};
		25B62AA92DAB598C94487EA2 /* Release */ = {
			isa = XCBuildConfiguration;
			buildSettings = {
				ALWAYS_SEARCH_USER_PATHS = NO;
				CLANG_ANALYZER_LOCALIZABILITY_NONLOCALIZED = YES;
				CLANG_ANALYZER_NONNULL = YES;
				CLANG_ANALYZER_NUMBER_OBJECT_CONVERSION = YES_AGGRESSIVE;
				CLANG_CXX_LANGUAGE_STANDARD = "gnu++14";
				CLANG_CXX_LIBRARY = "libc++";
				CLANG_ENABLE_MODULES = YES;
				CLANG_ENABLE_OBJC_ARC = YES;
				CLANG_ENABLE_OBJC_WEAK = YES;
				CLANG_WARN_BLOCK_CAPTURE_AUTORELEASING = YES;
				CLANG_WARN_BOOL_CONVERSION = YES;
				CLANG_WARN_COMMA = YES;
				CLANG_WARN_CONSTANT_CONVERSION = YES;
				CLANG_WARN_DEPRECATED_OBJC_IMPLEMENTATIONS = YES;
				CLANG_WARN_DIRECT_OBJC_ISA_USAGE = YES_ERROR;
				CLANG_WARN_DOCUMENTATION_COMMENTS = YES;
				CLANG_WARN_EMPTY_BODY = YES;
				CLANG_WARN_ENUM_CONVERSION = YES;
				CLANG_WARN_INFINITE_RECURSION = YES;
				CLANG_WARN_INT_CONVERSION = YES;
				CLANG_WARN_NON_LITERAL_NULL_CONVERSION = YES;
				CLANG_WARN_OBJC_IMPLICIT_RETAIN_SELF = YES;
				CLANG_WARN_OBJC_LITERAL_CONVERSION = YES;
				CLANG_WARN_OBJC_ROOT_CLASS = YES_ERROR;
				CLANG_WARN_QUOTED_INCLUDE_IN_FRAMEWORK_HEADER = YES;
				CLANG_WARN_RANGE_LOOP_ANALYSIS = YES;
				CLANG_WARN_STRICT_PROTOTYPES = YES;
				CLANG_WARN_SUSPICIOUS_MOVE = YES;
				CLANG_WARN_UNGUARDED_AVAILABILITY = YES_AGGRESSIVE;
				CLANG_WARN_UNREACHABLE_CODE = YES;
				CLANG_WARN__DUPLICATE_METHOD_MATCH = YES;
				COPY_PHASE_STRIP = NO;
				DEBUG_INFORMATION_FORMAT = "dwarf-with-dsym";
				DEVELOPMENT_TEAM = 5C2UYK6F45;
				ENABLE_NS_ASSERTIONS = NO;
				ENABLE_STRICT_OBJC_MSGSEND = YES;
				ENABLE_USER_SCRIPT_SANDBOXING = YES;
				GCC_C_LANGUAGE_STANDARD = gnu11;
				GCC_NO_COMMON_BLOCKS = YES;
				GCC_WARN_64_TO_32_BIT_CONVERSION = YES;
				GCC_WARN_ABOUT_RETURN_TYPE = YES_ERROR;
				GCC_WARN_UNDECLARED_SELECTOR = YES;
				GCC_WARN_UNINITIALIZED_AUTOS = YES_AGGRESSIVE;
				GCC_WARN_UNUSED_FUNCTION = YES;
				GCC_WARN_UNUSED_VARIABLE = YES;
				IPHONEOS_DEPLOYMENT_TARGET = 18.0;
				MTL_ENABLE_DEBUG_INFO = NO;
				MTL_FAST_MATH = YES;
				PRODUCT_NAME = "$(TARGET_NAME)";
				SDKROOT = iphoneos;
				STRING_CATALOG_GENERATE_SYMBOLS = YES;
				SWIFT_COMPILATION_MODE = wholemodule;
				SWIFT_OPTIMIZATION_LEVEL = "-O";
				SWIFT_STRICT_CONCURRENCY = complete;
				SWIFT_VERSION = 6.0;
				TARGETED_DEVICE_FAMILY = "1,2";
			};
			name = Release;
		};
		53ADE461B553335074E06002 /* Release */ = {
			isa = XCBuildConfiguration;
			buildSettings = {
				BUNDLE_LOADER = "$(TEST_HOST)";
				LD_RUNPATH_SEARCH_PATHS = (
					"$(inherited)",
					"@executable_path/Frameworks",
					"@loader_path/Frameworks",
				);
				PRODUCT_BUNDLE_IDENTIFIER = com.azukid.CreditMemoUITests;
				SDKROOT = iphoneos;
				TARGETED_DEVICE_FAMILY = "1,2";
				TEST_TARGET_NAME = CreditMemo;
			};
			name = Release;
		};
		983EEC013E74D95089D82CFF /* Debug */ = {
			isa = XCBuildConfiguration;
			buildSettings = {
				ASSETCATALOG_COMPILER_APPICON_NAME = AppIcon;
				CODE_SIGN_IDENTITY = "iPhone Developer";
				CURRENT_PROJECT_VERSION = 0;
				INFOPLIST_FILE = CreditMemo/Resources/Info.plist;
				INFOPLIST_KEY_CFBundleDisplayName = CreditMemo;
				INFOPLIST_KEY_LSApplicationCategoryType = "public.app-category.finance";
				IPHONEOS_DEPLOYMENT_TARGET = 18.0;
				LD_RUNPATH_SEARCH_PATHS = (
					"$(inherited)",
					"@executable_path/Frameworks",
				);
				MARKETING_VERSION = 2.0.0;
				PRODUCT_BUNDLE_IDENTIFIER = com.azukid.AzCreditS1;
				SDKROOT = iphoneos;
				SWIFT_ACTIVE_COMPILATION_CONDITIONS = DEBUG;
				SWIFT_STRICT_CONCURRENCY = complete;
				SWIFT_VERSION = 6.0;
				TARGETED_DEVICE_FAMILY = "1,2";
			};
			name = Debug;
		};
		AAC81ABBFDF3041914DBD2FB /* Release */ = {
			isa = XCBuildConfiguration;
			buildSettings = {
				ASSETCATALOG_COMPILER_APPICON_NAME = AppIcon;
				CODE_SIGN_IDENTITY = "iPhone Developer";
				CURRENT_PROJECT_VERSION = 0;
				INFOPLIST_FILE = CreditMemo/Resources/Info.plist;
				INFOPLIST_KEY_CFBundleDisplayName = CreditMemo;
				INFOPLIST_KEY_LSApplicationCategoryType = "public.app-category.finance";
				IPHONEOS_DEPLOYMENT_TARGET = 18.0;
				LD_RUNPATH_SEARCH_PATHS = (
					"$(inherited)",
					"@executable_path/Frameworks",
				);
				MARKETING_VERSION = 2.0.0;
				PRODUCT_BUNDLE_IDENTIFIER = com.azukid.AzCreditS1;
				SDKROOT = iphoneos;
				SWIFT_ACTIVE_COMPILATION_CONDITIONS = "";
				SWIFT_STRICT_CONCURRENCY = complete;
				SWIFT_VERSION = 6.0;
				TARGETED_DEVICE_FAMILY = "1,2";
			};
			name = Release;
		};
		B5D445021615F902F3BB5AA7 /* Debug */ = {
			isa = XCBuildConfiguration;
			buildSettings = {
				BUNDLE_LOADER = "$(TEST_HOST)";
				LD_RUNPATH_SEARCH_PATHS = (
					"$(inherited)",
					"@executable_path/Frameworks",
					"@loader_path/Frameworks",
				);
				PRODUCT_BUNDLE_IDENTIFIER = com.azukid.CreditMemoTests;
				SDKROOT = iphoneos;
				TARGETED_DEVICE_FAMILY = "1,2";
				TEST_HOST = "$(BUILT_PRODUCTS_DIR)/CreditMemo.app/$(BUNDLE_EXECUTABLE_FOLDER_PATH)/CreditMemo";
			};
			name = Debug;
		};
		D2FE2C9BBFC79228F3D6C2A1 /* Debug */ = {
			isa = XCBuildConfiguration;
			buildSettings = {
				BUNDLE_LOADER = "$(TEST_HOST)";
				LD_RUNPATH_SEARCH_PATHS = (
					"$(inherited)",
					"@executable_path/Frameworks",
					"@loader_path/Frameworks",
				);
				PRODUCT_BUNDLE_IDENTIFIER = com.azukid.CreditMemoUITests;
				SDKROOT = iphoneos;
				TARGETED_DEVICE_FAMILY = "1,2";
				TEST_TARGET_NAME = CreditMemo;
			};
			name = Debug;
		};
/* End XCBuildConfiguration section */

/* Begin XCConfigurationList section */
		1BEA44F0517EBE4E24E01FD5 /* Build configuration list for PBXNativeTarget "CreditMemoUITests" */ = {
			isa = XCConfigurationList;
			buildConfigurations = (
				D2FE2C9BBFC79228F3D6C2A1 /* Debug */,
				53ADE461B553335074E06002 /* Release */,
			);
			defaultConfigurationIsVisible = 0;
			defaultConfigurationName = Debug;
		};
		1D61FF227BC03B6487B89B74 /* Build configuration list for PBXProject "CreditMemo" */ = {
			isa = XCConfigurationList;
			buildConfigurations = (
				040225AD6A3E760922B95967 /* Debug */,
				25B62AA92DAB598C94487EA2 /* Release */,
			);
			defaultConfigurationIsVisible = 0;
			defaultConfigurationName = Debug;
		};
		3F0D4022A29402A6F70361F5 /* Build configuration list for PBXNativeTarget "CreditMemo" */ = {
			isa = XCConfigurationList;
			buildConfigurations = (
				983EEC013E74D95089D82CFF /* Debug */,
				AAC81ABBFDF3041914DBD2FB /* Release */,
			);
			defaultConfigurationIsVisible = 0;
			defaultConfigurationName = Debug;
		};
		7C451D4092B60567630D400F /* Build configuration list for PBXNativeTarget "CreditMemoTests" */ = {
			isa = XCConfigurationList;
			buildConfigurations = (
				B5D445021615F902F3BB5AA7 /* Debug */,
				158E78196CC0B28694BA4FD9 /* Release */,
			);
			defaultConfigurationIsVisible = 0;
			defaultConfigurationName = Debug;
		};
/* End XCConfigurationList section */
	};
	rootObject = AFACF2F53EE3B4B2DBE3D35E /* Project object */;
}
